
Microsoft Visual Studio Solution File, Format Version 12.00
# Visual Studio Version 17
VisualStudioVersion = 17.7.34031.279
MinimumVisualStudioVersion = 10.0.40219.1
Project("{FAE04EC0-301F-11D3-BF4B-00C04F79EFBC}") = "JacobiIteration", "JacobiIteration\JacobiIteration.csproj", "{21B06F73-8FC7-4B5F-9765-1752A81305EA}"
EndProject
Global
	GlobalSection(SolutionConfigurationPlatforms) = preSolution
		Debug|Any CPU = Debug|Any CPU
		Release|Any CPU = Release|Any CPU
	EndGlobalSection
	GlobalSection(ProjectConfigurationPlatforms) = postSolution
		{21B06F73-8FC7-4B5F-9765-1752A81305EA}.Debug|Any CPU.ActiveCfg = Debug|Any CPU
		{21B06F73-8FC7-4B5F-9765-1752A81305EA}.Debug|Any CPU.Build.0 = Debug|Any CPU
		{21B06F73-8FC7-4B5F-9765-1752A81305EA}.Release|Any CPU.ActiveCfg = Release|Any CPU
		{21B06F73-8FC7-4B5F-9765-1752A81305EA}.Release|Any CPU.Build.0 = Release|Any CPU
	EndGlobalSection
	GlobalSection(SolutionProperties) = preSolution
		HideSolutionNode = FALSE
	EndGlobalSection
	GlobalSection(ExtensibilityGlobals) = postSolution
		SolutionGuid = {22E74A4A-B213-4971-9237-9E3BB71765D8}
	EndGlobalSection
EndGlobal
